// !$*UTF8*$!
{
	archiveVersion = 1;
	classes = {
	};
	objectVersion = 51;
	objects = {

/* Begin PBXBuildFile section */
		76DEE36BECE543F80528788A /* Pods_CrouwdWorks_ChatApp_CrouwdWorks_ChatAppUITests.framework in Frameworks */ = {isa = PBXBuildFile; fileRef = 601514CBCCE93A3811848772 /* Pods_CrouwdWorks_ChatApp_CrouwdWorks_ChatAppUITests.framework */; };
		83AC6B763119D4FE0D8B4089 /* Pods_CrouwdWorks_ChatApp.framework in Frameworks */ = {isa = PBXBuildFile; fileRef = 8F636558711DC46C64C2E30A /* Pods_CrouwdWorks_ChatApp.framework */; };
		9E1B429624E5514100DEA9C9 /* UIViewExtension.swift in Sources */ = {isa = PBXBuildFile; fileRef = 9E1B429524E5514100DEA9C9 /* UIViewExtension.swift */; };
		9E1CCC4C248B55120044E547 /* AppDelegate.swift in Sources */ = {isa = PBXBuildFile; fileRef = 9E1CCC4B248B55120044E547 /* AppDelegate.swift */; };
		9E1CCC4E248B55120044E547 /* SceneDelegate.swift in Sources */ = {isa = PBXBuildFile; fileRef = 9E1CCC4D248B55120044E547 /* SceneDelegate.swift */; };
		9E1CCC55248B55130044E547 /* Assets.xcassets in Resources */ = {isa = PBXBuildFile; fileRef = 9E1CCC54248B55130044E547 /* Assets.xcassets */; };
		9E1CCC58248B55130044E547 /* LaunchScreen.storyboard in Resources */ = {isa = PBXBuildFile; fileRef = 9E1CCC56248B55130044E547 /* LaunchScreen.storyboard */; };
		9E1CCC63248B55130044E547 /* CrouwdWorks_ChatAppTests.swift in Sources */ = {isa = PBXBuildFile; fileRef = 9E1CCC62248B55130044E547 /* CrouwdWorks_ChatAppTests.swift */; };
		9E1CCC6E248B55130044E547 /* CrouwdWorks_ChatAppUITests.swift in Sources */ = {isa = PBXBuildFile; fileRef = 9E1CCC6D248B55130044E547 /* CrouwdWorks_ChatAppUITests.swift */; };
		9E1CCC80248B5D200044E547 /* ChatListViewController.swift in Sources */ = {isa = PBXBuildFile; fileRef = 9E1CCC7F248B5D200044E547 /* ChatListViewController.swift */; };
		9E1CCC82248B5DA30044E547 /* GoogleService-Info.plist in Resources */ = {isa = PBXBuildFile; fileRef = 9E1CCC81248B5DA30044E547 /* GoogleService-Info.plist */; };
		9E7064A424E5041D00EF3420 /* UIViewControllerExtension.swift in Sources */ = {isa = PBXBuildFile; fileRef = 9E7064A324E5041D00EF3420 /* UIViewControllerExtension.swift */; };
		9E79FCA324C484A600CE15EC /* ChatList.storyboard in Resources */ = {isa = PBXBuildFile; fileRef = 9E79FCA224C484A600CE15EC /* ChatList.storyboard */; };
		9ED85361248B63A90072FE2D /* UIColorExtension.swift in Sources */ = {isa = PBXBuildFile; fileRef = 9ED85360248B63A90072FE2D /* UIColorExtension.swift */; };
		9ED8536A248B63E00072FE2D /* ChatRoomViewController.swift in Sources */ = {isa = PBXBuildFile; fileRef = 9ED85365248B63E00072FE2D /* ChatRoomViewController.swift */; };
		9ED85372248B642C0072FE2D /* Message.swift in Sources */ = {isa = PBXBuildFile; fileRef = 9ED8536F248B642C0072FE2D /* Message.swift */; };
		9ED85374248B642C0072FE2D /* ChatRoom.swift in Sources */ = {isa = PBXBuildFile; fileRef = 9ED85371248B642C0072FE2D /* ChatRoom.swift */; };
		9ED85382248B644B0072FE2D /* ChatInputAccesaryView.xib in Resources */ = {isa = PBXBuildFile; fileRef = 9ED85376248B64490072FE2D /* ChatInputAccesaryView.xib */; };
		9ED85383248B644B0072FE2D /* ChatRoomTableViewCell.xib in Resources */ = {isa = PBXBuildFile; fileRef = 9ED85377248B64490072FE2D /* ChatRoomTableViewCell.xib */; };
		9ED85384248B644B0072FE2D /* ChatRoomTableViewCell.swift in Sources */ = {isa = PBXBuildFile; fileRef = 9ED85379248B644A0072FE2D /* ChatRoomTableViewCell.swift */; };
		9ED85385248B644B0072FE2D /* ChatInputAccesaryView.swift in Sources */ = {isa = PBXBuildFile; fileRef = 9ED8537A248B644A0072FE2D /* ChatInputAccesaryView.swift */; };
		9ED85386248B644B0072FE2D /* ChatRoom.storyboard in Resources */ = {isa = PBXBuildFile; fileRef = 9ED8537C248B644B0072FE2D /* ChatRoom.storyboard */; };
		9ED8538D248B6CA20072FE2D /* MadeChatroom.storyboard in Resources */ = {isa = PBXBuildFile; fileRef = 9ED8538C248B6CA20072FE2D /* MadeChatroom.storyboard */; };
		9ED8538F248B6CAD0072FE2D /* MadeChatroomViewController.swift in Sources */ = {isa = PBXBuildFile; fileRef = 9ED8538E248B6CAD0072FE2D /* MadeChatroomViewController.swift */; };
		9EDF182B2490E8DE009FA56D /* Setting.storyboard in Resources */ = {isa = PBXBuildFile; fileRef = 9EDF182A2490E8DE009FA56D /* Setting.storyboard */; };
		9EDF182D2490EAED009FA56D /* SettingViewController.swift in Sources */ = {isa = PBXBuildFile; fileRef = 9EDF182C2490EAED009FA56D /* SettingViewController.swift */; };
		B2B4C343904CF7130B557B87 /* Pods_CrouwdWorks_ChatAppTests.framework in Frameworks */ = {isa = PBXBuildFile; fileRef = 15178E16D7EF1C6F9308D8A7 /* Pods_CrouwdWorks_ChatAppTests.framework */; };
/* End PBXBuildFile section */

/* Begin PBXContainerItemProxy section */
		9E1CCC5F248B55130044E547 /* PBXContainerItemProxy */ = {
			isa = PBXContainerItemProxy;
			containerPortal = 9E1CCC40248B55120044E547 /* Project object */;
			proxyType = 1;
			remoteGlobalIDString = 9E1CCC47248B55120044E547;
			remoteInfo = CrouwdWorks_ChatApp;
		};
		9E1CCC6A248B55130044E547 /* PBXContainerItemProxy */ = {
			isa = PBXContainerItemProxy;
			containerPortal = 9E1CCC40248B55120044E547 /* Project object */;
			proxyType = 1;
			remoteGlobalIDString = 9E1CCC47248B55120044E547;
			remoteInfo = CrouwdWorks_ChatApp;
		};
/* End PBXContainerItemProxy section */

/* Begin PBXFileReference section */
		15178E16D7EF1C6F9308D8A7 /* Pods_CrouwdWorks_ChatAppTests.framework */ = {isa = PBXFileReference; explicitFileType = wrapper.framework; includeInIndex = 0; path = Pods_CrouwdWorks_ChatAppTests.framework; sourceTree = BUILT_PRODUCTS_DIR; };
		2B314897769E8B7A10E2661A /* Pods-CrouwdWorks_ChatAppTests.debug.xcconfig */ = {isa = PBXFileReference; includeInIndex = 1; lastKnownFileType = text.xcconfig; name = "Pods-CrouwdWorks_ChatAppTests.debug.xcconfig"; path = "Target Support Files/Pods-CrouwdWorks_ChatAppTests/Pods-CrouwdWorks_ChatAppTests.debug.xcconfig"; sourceTree = "<group>"; };
		38C5EFF0BDA62FFFDB3D783D /* Pods-CrouwdWorks_ChatApp.debug.xcconfig */ = {isa = PBXFileReference; includeInIndex = 1; lastKnownFileType = text.xcconfig; name = "Pods-CrouwdWorks_ChatApp.debug.xcconfig"; path = "Target Support Files/Pods-CrouwdWorks_ChatApp/Pods-CrouwdWorks_ChatApp.debug.xcconfig"; sourceTree = "<group>"; };
		4BBB356A11C7B26C95624B07 /* Pods-CrouwdWorks_ChatApp.release.xcconfig */ = {isa = PBXFileReference; includeInIndex = 1; lastKnownFileType = text.xcconfig; name = "Pods-CrouwdWorks_ChatApp.release.xcconfig"; path = "Target Support Files/Pods-CrouwdWorks_ChatApp/Pods-CrouwdWorks_ChatApp.release.xcconfig"; sourceTree = "<group>"; };
		601514CBCCE93A3811848772 /* Pods_CrouwdWorks_ChatApp_CrouwdWorks_ChatAppUITests.framework */ = {isa = PBXFileReference; explicitFileType = wrapper.framework; includeInIndex = 0; path = Pods_CrouwdWorks_ChatApp_CrouwdWorks_ChatAppUITests.framework; sourceTree = BUILT_PRODUCTS_DIR; };
		8F636558711DC46C64C2E30A /* Pods_CrouwdWorks_ChatApp.framework */ = {isa = PBXFileReference; explicitFileType = wrapper.framework; includeInIndex = 0; path = Pods_CrouwdWorks_ChatApp.framework; sourceTree = BUILT_PRODUCTS_DIR; };
		99C28F2666C5F8EF0785F677 /* Pods-CrouwdWorks_ChatApp-CrouwdWorks_ChatAppUITests.debug.xcconfig */ = {isa = PBXFileReference; includeInIndex = 1; lastKnownFileType = text.xcconfig; name = "Pods-CrouwdWorks_ChatApp-CrouwdWorks_ChatAppUITests.debug.xcconfig"; path = "Target Support Files/Pods-CrouwdWorks_ChatApp-CrouwdWorks_ChatAppUITests/Pods-CrouwdWorks_ChatApp-CrouwdWorks_ChatAppUITests.debug.xcconfig"; sourceTree = "<group>"; };
		9E1B429524E5514100DEA9C9 /* UIViewExtension.swift */ = {isa = PBXFileReference; lastKnownFileType = sourcecode.swift; path = UIViewExtension.swift; sourceTree = "<group>"; };
		9E1CCC48248B55120044E547 /* CrouwdWorks_ChatApp.app */ = {isa = PBXFileReference; explicitFileType = wrapper.application; includeInIndex = 0; path = CrouwdWorks_ChatApp.app; sourceTree = BUILT_PRODUCTS_DIR; };
		9E1CCC4B248B55120044E547 /* AppDelegate.swift */ = {isa = PBXFileReference; lastKnownFileType = sourcecode.swift; path = AppDelegate.swift; sourceTree = "<group>"; };
		9E1CCC4D248B55120044E547 /* SceneDelegate.swift */ = {isa = PBXFileReference; lastKnownFileType = sourcecode.swift; path = SceneDelegate.swift; sourceTree = "<group>"; };
		9E1CCC54248B55130044E547 /* Assets.xcassets */ = {isa = PBXFileReference; lastKnownFileType = folder.assetcatalog; path = Assets.xcassets; sourceTree = "<group>"; };
		9E1CCC57248B55130044E547 /* Base */ = {isa = PBXFileReference; lastKnownFileType = file.storyboard; name = Base; path = Base.lproj/LaunchScreen.storyboard; sourceTree = "<group>"; };
		9E1CCC59248B55130044E547 /* Info.plist */ = {isa = PBXFileReference; lastKnownFileType = text.plist.xml; path = Info.plist; sourceTree = "<group>"; };
		9E1CCC5E248B55130044E547 /* CrouwdWorks_ChatAppTests.xctest */ = {isa = PBXFileReference; explicitFileType = wrapper.cfbundle; includeInIndex = 0; path = CrouwdWorks_ChatAppTests.xctest; sourceTree = BUILT_PRODUCTS_DIR; };
		9E1CCC62248B55130044E547 /* CrouwdWorks_ChatAppTests.swift */ = {isa = PBXFileReference; lastKnownFileType = sourcecode.swift; path = CrouwdWorks_ChatAppTests.swift; sourceTree = "<group>"; };
		9E1CCC64248B55130044E547 /* Info.plist */ = {isa = PBXFileReference; lastKnownFileType = text.plist.xml; path = Info.plist; sourceTree = "<group>"; };
		9E1CCC69248B55130044E547 /* CrouwdWorks_ChatAppUITests.xctest */ = {isa = PBXFileReference; explicitFileType = wrapper.cfbundle; includeInIndex = 0; path = CrouwdWorks_ChatAppUITests.xctest; sourceTree = BUILT_PRODUCTS_DIR; };
		9E1CCC6D248B55130044E547 /* CrouwdWorks_ChatAppUITests.swift */ = {isa = PBXFileReference; lastKnownFileType = sourcecode.swift; path = CrouwdWorks_ChatAppUITests.swift; sourceTree = "<group>"; };
		9E1CCC6F248B55130044E547 /* Info.plist */ = {isa = PBXFileReference; lastKnownFileType = text.plist.xml; path = Info.plist; sourceTree = "<group>"; };
		9E1CCC7F248B5D200044E547 /* ChatListViewController.swift */ = {isa = PBXFileReference; fileEncoding = 4; lastKnownFileType = sourcecode.swift; path = ChatListViewController.swift; sourceTree = "<group>"; };
		9E1CCC81248B5DA30044E547 /* GoogleService-Info.plist */ = {isa = PBXFileReference; fileEncoding = 4; lastKnownFileType = text.plist.xml; path = "GoogleService-Info.plist"; sourceTree = "<group>"; };
		9E7064A324E5041D00EF3420 /* UIViewControllerExtension.swift */ = {isa = PBXFileReference; lastKnownFileType = sourcecode.swift; path = UIViewControllerExtension.swift; sourceTree = "<group>"; };
		9E79FCA224C484A600CE15EC /* ChatList.storyboard */ = {isa = PBXFileReference; fileEncoding = 4; lastKnownFileType = file.storyboard; path = ChatList.storyboard; sourceTree = "<group>"; };
		9ED85360248B63A90072FE2D /* UIColorExtension.swift */ = {isa = PBXFileReference; fileEncoding = 4; lastKnownFileType = sourcecode.swift; path = UIColorExtension.swift; sourceTree = "<group>"; };
		9ED85365248B63E00072FE2D /* ChatRoomViewController.swift */ = {isa = PBXFileReference; fileEncoding = 4; lastKnownFileType = sourcecode.swift; path = ChatRoomViewController.swift; sourceTree = "<group>"; };
		9ED8536F248B642C0072FE2D /* Message.swift */ = {isa = PBXFileReference; fileEncoding = 4; lastKnownFileType = sourcecode.swift; path = Message.swift; sourceTree = "<group>"; };
		9ED85371248B642C0072FE2D /* ChatRoom.swift */ = {isa = PBXFileReference; fileEncoding = 4; lastKnownFileType = sourcecode.swift; path = ChatRoom.swift; sourceTree = "<group>"; };
		9ED85376248B64490072FE2D /* ChatInputAccesaryView.xib */ = {isa = PBXFileReference; fileEncoding = 4; lastKnownFileType = file.xib; path = ChatInputAccesaryView.xib; sourceTree = "<group>"; };
		9ED85377248B64490072FE2D /* ChatRoomTableViewCell.xib */ = {isa = PBXFileReference; fileEncoding = 4; lastKnownFileType = file.xib; path = ChatRoomTableViewCell.xib; sourceTree = "<group>"; };
		9ED85379248B644A0072FE2D /* ChatRoomTableViewCell.swift */ = {isa = PBXFileReference; fileEncoding = 4; lastKnownFileType = sourcecode.swift; path = ChatRoomTableViewCell.swift; sourceTree = "<group>"; };
		9ED8537A248B644A0072FE2D /* ChatInputAccesaryView.swift */ = {isa = PBXFileReference; fileEncoding = 4; lastKnownFileType = sourcecode.swift; path = ChatInputAccesaryView.swift; sourceTree = "<group>"; };
		9ED8537C248B644B0072FE2D /* ChatRoom.storyboard */ = {isa = PBXFileReference; fileEncoding = 4; lastKnownFileType = file.storyboard; path = ChatRoom.storyboard; sourceTree = "<group>"; };
		9ED8538C248B6CA20072FE2D /* MadeChatroom.storyboard */ = {isa = PBXFileReference; fileEncoding = 4; lastKnownFileType = file.storyboard; path = MadeChatroom.storyboard; sourceTree = "<group>"; };
		9ED8538E248B6CAD0072FE2D /* MadeChatroomViewController.swift */ = {isa = PBXFileReference; fileEncoding = 4; lastKnownFileType = sourcecode.swift; path = MadeChatroomViewController.swift; sourceTree = "<group>"; };
		9EDF182A2490E8DE009FA56D /* Setting.storyboard */ = {isa = PBXFileReference; lastKnownFileType = file.storyboard; path = Setting.storyboard; sourceTree = "<group>"; };
		9EDF182C2490EAED009FA56D /* SettingViewController.swift */ = {isa = PBXFileReference; lastKnownFileType = sourcecode.swift; path = SettingViewController.swift; sourceTree = "<group>"; };
		B909C21DA4CD126965818C39 /* Pods-CrouwdWorks_ChatAppTests.release.xcconfig */ = {isa = PBXFileReference; includeInIndex = 1; lastKnownFileType = text.xcconfig; name = "Pods-CrouwdWorks_ChatAppTests.release.xcconfig"; path = "Target Support Files/Pods-CrouwdWorks_ChatAppTests/Pods-CrouwdWorks_ChatAppTests.release.xcconfig"; sourceTree = "<group>"; };
		D945CEBA10E91E19A863CC74 /* Pods-CrouwdWorks_ChatApp-CrouwdWorks_ChatAppUITests.release.xcconfig */ = {isa = PBXFileReference; includeInIndex = 1; lastKnownFileType = text.xcconfig; name = "Pods-CrouwdWorks_ChatApp-CrouwdWorks_ChatAppUITests.release.xcconfig"; path = "Target Support Files/Pods-CrouwdWorks_ChatApp-CrouwdWorks_ChatAppUITests/Pods-CrouwdWorks_ChatApp-CrouwdWorks_ChatAppUITests.release.xcconfig"; sourceTree = "<group>"; };
/* End PBXFileReference section */

/* Begin PBXFrameworksBuildPhase section */
		9E1CCC45248B55120044E547 /* Frameworks */ = {
			isa = PBXFrameworksBuildPhase;
			buildActionMask = 2147483647;
			files = (
				83AC6B763119D4FE0D8B4089 /* Pods_CrouwdWorks_ChatApp.framework in Frameworks */,
			);
			runOnlyForDeploymentPostprocessing = 0;
		};
		9E1CCC5B248B55130044E547 /* Frameworks */ = {
			isa = PBXFrameworksBuildPhase;
			buildActionMask = 2147483647;
			files = (
				B2B4C343904CF7130B557B87 /* Pods_CrouwdWorks_ChatAppTests.framework in Frameworks */,
			);
			runOnlyForDeploymentPostprocessing = 0;
		};
		9E1CCC66248B55130044E547 /* Frameworks */ = {
			isa = PBXFrameworksBuildPhase;
			buildActionMask = 2147483647;
			files = (
				76DEE36BECE543F80528788A /* Pods_CrouwdWorks_ChatApp_CrouwdWorks_ChatAppUITests.framework in Frameworks */,
			);
			runOnlyForDeploymentPostprocessing = 0;
		};
/* End PBXFrameworksBuildPhase section */

/* Begin PBXGroup section */
		00B1C246717DCC5A42B7E63A /* Frameworks */ = {
			isa = PBXGroup;
			children = (
				8F636558711DC46C64C2E30A /* Pods_CrouwdWorks_ChatApp.framework */,
				601514CBCCE93A3811848772 /* Pods_CrouwdWorks_ChatApp_CrouwdWorks_ChatAppUITests.framework */,
				15178E16D7EF1C6F9308D8A7 /* Pods_CrouwdWorks_ChatAppTests.framework */,
			);
			name = Frameworks;
			sourceTree = "<group>";
		};
		9E1CCC3F248B55120044E547 = {
			isa = PBXGroup;
			children = (
				9E1CCC4A248B55120044E547 /* CrouwdWorks_ChatApp */,
				9E1CCC61248B55130044E547 /* CrouwdWorks_ChatAppTests */,
				9E1CCC6C248B55130044E547 /* CrouwdWorks_ChatAppUITests */,
				9E1CCC49248B55120044E547 /* Products */,
				D94D39CB1C9DA39A7E120E2D /* Pods */,
				00B1C246717DCC5A42B7E63A /* Frameworks */,
			);
			sourceTree = "<group>";
		};
		9E1CCC49248B55120044E547 /* Products */ = {
			isa = PBXGroup;
			children = (
				9E1CCC48248B55120044E547 /* CrouwdWorks_ChatApp.app */,
				9E1CCC5E248B55130044E547 /* CrouwdWorks_ChatAppTests.xctest */,
				9E1CCC69248B55130044E547 /* CrouwdWorks_ChatAppUITests.xctest */,
			);
			name = Products;
			sourceTree = "<group>";
		};
		9E1CCC4A248B55120044E547 /* CrouwdWorks_ChatApp */ = {
			isa = PBXGroup;
			children = (
				9ED8536D248B63F60072FE2D /* Extension */,
				9ED8536E248B642C0072FE2D /* Models */,
				9ED8537B248B644B0072FE2D /* StoryBoard */,
				9ED85378248B644A0072FE2D /* Views */,
				9ED85375248B64490072FE2D /* Xlibs */,
				9ED85362248B63E00072FE2D /* Controller */,
				9E1CCC4B248B55120044E547 /* AppDelegate.swift */,
				9E1CCC4D248B55120044E547 /* SceneDelegate.swift */,
				9E1CCC54248B55130044E547 /* Assets.xcassets */,
				9E1CCC56248B55130044E547 /* LaunchScreen.storyboard */,
				9E1CCC81248B5DA30044E547 /* GoogleService-Info.plist */,
				9E1CCC59248B55130044E547 /* Info.plist */,
			);
			path = CrouwdWorks_ChatApp;
			sourceTree = "<group>";
		};
		9E1CCC61248B55130044E547 /* CrouwdWorks_ChatAppTests */ = {
			isa = PBXGroup;
			children = (
				9E1CCC62248B55130044E547 /* CrouwdWorks_ChatAppTests.swift */,
				9E1CCC64248B55130044E547 /* Info.plist */,
			);
			path = CrouwdWorks_ChatAppTests;
			sourceTree = "<group>";
		};
		9E1CCC6C248B55130044E547 /* CrouwdWorks_ChatAppUITests */ = {
			isa = PBXGroup;
			children = (
				9E1CCC6D248B55130044E547 /* CrouwdWorks_ChatAppUITests.swift */,
				9E1CCC6F248B55130044E547 /* Info.plist */,
			);
			path = CrouwdWorks_ChatAppUITests;
			sourceTree = "<group>";
		};
		9ED85362248B63E00072FE2D /* Controller */ = {
			isa = PBXGroup;
			children = (
				9ED8538E248B6CAD0072FE2D /* MadeChatroomViewController.swift */,
				9ED85365248B63E00072FE2D /* ChatRoomViewController.swift */,
				9E1CCC7F248B5D200044E547 /* ChatListViewController.swift */,
				9EDF182C2490EAED009FA56D /* SettingViewController.swift */,
			);
			path = Controller;
			sourceTree = "<group>";
		};
		9ED8536D248B63F60072FE2D /* Extension */ = {
			isa = PBXGroup;
			children = (
				9ED85360248B63A90072FE2D /* UIColorExtension.swift */,
				9E7064A324E5041D00EF3420 /* UIViewControllerExtension.swift */,
				9E1B429524E5514100DEA9C9 /* UIViewExtension.swift */,
			);
			path = Extension;
			sourceTree = "<group>";
		};
		9ED8536E248B642C0072FE2D /* Models */ = {
			isa = PBXGroup;
			children = (
				9ED8536F248B642C0072FE2D /* Message.swift */,
				9ED85371248B642C0072FE2D /* ChatRoom.swift */,
			);
			path = Models;
			sourceTree = "<group>";
		};
		9ED85375248B64490072FE2D /* Xlibs */ = {
			isa = PBXGroup;
			children = (
				9ED85376248B64490072FE2D /* ChatInputAccesaryView.xib */,
				9ED85377248B64490072FE2D /* ChatRoomTableViewCell.xib */,
			);
			path = Xlibs;
			sourceTree = "<group>";
		};
		9ED85378248B644A0072FE2D /* Views */ = {
			isa = PBXGroup;
			children = (
				9ED85379248B644A0072FE2D /* ChatRoomTableViewCell.swift */,
				9ED8537A248B644A0072FE2D /* ChatInputAccesaryView.swift */,
			);
			path = Views;
			sourceTree = "<group>";
		};
		9ED8537B248B644B0072FE2D /* StoryBoard */ = {
			isa = PBXGroup;
			children = (
				9E79FCA224C484A600CE15EC /* ChatList.storyboard */,
				9ED8537C248B644B0072FE2D /* ChatRoom.storyboard */,
				9ED8538C248B6CA20072FE2D /* MadeChatroom.storyboard */,
				9EDF182A2490E8DE009FA56D /* Setting.storyboard */,
			);
			path = StoryBoard;
			sourceTree = "<group>";
		};
		D94D39CB1C9DA39A7E120E2D /* Pods */ = {
			isa = PBXGroup;
			children = (
				38C5EFF0BDA62FFFDB3D783D /* Pods-CrouwdWorks_ChatApp.debug.xcconfig */,
				4BBB356A11C7B26C95624B07 /* Pods-CrouwdWorks_ChatApp.release.xcconfig */,
				99C28F2666C5F8EF0785F677 /* Pods-CrouwdWorks_ChatApp-CrouwdWorks_ChatAppUITests.debug.xcconfig */,
				D945CEBA10E91E19A863CC74 /* Pods-CrouwdWorks_ChatApp-CrouwdWorks_ChatAppUITests.release.xcconfig */,
				2B314897769E8B7A10E2661A /* Pods-CrouwdWorks_ChatAppTests.debug.xcconfig */,
				B909C21DA4CD126965818C39 /* Pods-CrouwdWorks_ChatAppTests.release.xcconfig */,
			);
			path = Pods;
			sourceTree = "<group>";
		};
/* End PBXGroup section */

/* Begin PBXNativeTarget section */
		9E1CCC47248B55120044E547 /* CrouwdWorks_ChatApp */ = {
			isa = PBXNativeTarget;
			buildConfigurationList = 9E1CCC72248B55130044E547 /* Build configuration list for PBXNativeTarget "CrouwdWorks_ChatApp" */;
			buildPhases = (
				D18F87D52A3B64AFA9F35D64 /* [CP] Check Pods Manifest.lock */,
				9E1CCC44248B55120044E547 /* Sources */,
				9E1CCC45248B55120044E547 /* Frameworks */,
				9E1CCC46248B55120044E547 /* Resources */,
				65807C0A5DA755650C3A1148 /* [CP] Embed Pods Frameworks */,
			);
			buildRules = (
			);
			dependencies = (
			);
			name = CrouwdWorks_ChatApp;
			productName = CrouwdWorks_ChatApp;
			productReference = 9E1CCC48248B55120044E547 /* CrouwdWorks_ChatApp.app */;
			productType = "com.apple.product-type.application";
		};
		9E1CCC5D248B55130044E547 /* CrouwdWorks_ChatAppTests */ = {
			isa = PBXNativeTarget;
			buildConfigurationList = 9E1CCC75248B55130044E547 /* Build configuration list for PBXNativeTarget "CrouwdWorks_ChatAppTests" */;
			buildPhases = (
				F0535FC17A1F4E214724A442 /* [CP] Check Pods Manifest.lock */,
				9E1CCC5A248B55130044E547 /* Sources */,
				9E1CCC5B248B55130044E547 /* Frameworks */,
				9E1CCC5C248B55130044E547 /* Resources */,
			);
			buildRules = (
			);
			dependencies = (
				9E1CCC60248B55130044E547 /* PBXTargetDependency */,
			);
			name = CrouwdWorks_ChatAppTests;
			productName = CrouwdWorks_ChatAppTests;
			productReference = 9E1CCC5E248B55130044E547 /* CrouwdWorks_ChatAppTests.xctest */;
			productType = "com.apple.product-type.bundle.unit-test";
		};
		9E1CCC68248B55130044E547 /* CrouwdWorks_ChatAppUITests */ = {
			isa = PBXNativeTarget;
			buildConfigurationList = 9E1CCC78248B55130044E547 /* Build configuration list for PBXNativeTarget "CrouwdWorks_ChatAppUITests" */;
			buildPhases = (
				B07319E6867A6F03603A4AE2 /* [CP] Check Pods Manifest.lock */,
				9E1CCC65248B55130044E547 /* Sources */,
				9E1CCC66248B55130044E547 /* Frameworks */,
				9E1CCC67248B55130044E547 /* Resources */,
				DDC35DB6E004B202B96D0571 /* [CP] Embed Pods Frameworks */,
			);
			buildRules = (
			);
			dependencies = (
				9E1CCC6B248B55130044E547 /* PBXTargetDependency */,
			);
			name = CrouwdWorks_ChatAppUITests;
			productName = CrouwdWorks_ChatAppUITests;
			productReference = 9E1CCC69248B55130044E547 /* CrouwdWorks_ChatAppUITests.xctest */;
			productType = "com.apple.product-type.bundle.ui-testing";
		};
/* End PBXNativeTarget section */

/* Begin PBXProject section */
		9E1CCC40248B55120044E547 /* Project object */ = {
			isa = PBXProject;
			attributes = {
				LastSwiftUpdateCheck = 1130;
				LastUpgradeCheck = 1130;
				ORGANIZATIONNAME = "mayumi yamanishi";
				TargetAttributes = {
					9E1CCC47248B55120044E547 = {
						CreatedOnToolsVersion = 11.3.1;
					};
					9E1CCC5D248B55130044E547 = {
						CreatedOnToolsVersion = 11.3.1;
						TestTargetID = 9E1CCC47248B55120044E547;
					};
					9E1CCC68248B55130044E547 = {
						CreatedOnToolsVersion = 11.3.1;
						TestTargetID = 9E1CCC47248B55120044E547;
					};
				};
			};
			buildConfigurationList = 9E1CCC43248B55120044E547 /* Build configuration list for PBXProject "CrouwdWorks_ChatApp" */;
			compatibilityVersion = "Xcode 9.3";
			developmentRegion = en;
			hasScannedForEncodings = 0;
			knownRegions = (
				en,
				Base,
			);
			mainGroup = 9E1CCC3F248B55120044E547;
			productRefGroup = 9E1CCC49248B55120044E547 /* Products */;
			projectDirPath = "";
			projectRoot = "";
			targets = (
				9E1CCC47248B55120044E547 /* CrouwdWorks_ChatApp */,
				9E1CCC5D248B55130044E547 /* CrouwdWorks_ChatAppTests */,
				9E1CCC68248B55130044E547 /* CrouwdWorks_ChatAppUITests */,
			);
		};
/* End PBXProject section */

/* Begin PBXResourcesBuildPhase section */
		9E1CCC46248B55120044E547 /* Resources */ = {
			isa = PBXResourcesBuildPhase;
			buildActionMask = 2147483647;
			files = (
				9E79FCA324C484A600CE15EC /* ChatList.storyboard in Resources */,
				9ED8538D248B6CA20072FE2D /* MadeChatroom.storyboard in Resources */,
				9E1CCC58248B55130044E547 /* LaunchScreen.storyboard in Resources */,
				9E1CCC55248B55130044E547 /* Assets.xcassets in Resources */,
				9ED85386248B644B0072FE2D /* ChatRoom.storyboard in Resources */,
				9ED85382248B644B0072FE2D /* ChatInputAccesaryView.xib in Resources */,
				9ED85383248B644B0072FE2D /* ChatRoomTableViewCell.xib in Resources */,
				9EDF182B2490E8DE009FA56D /* Setting.storyboard in Resources */,
				9E1CCC82248B5DA30044E547 /* GoogleService-Info.plist in Resources */,
			);
			runOnlyForDeploymentPostprocessing = 0;
		};
		9E1CCC5C248B55130044E547 /* Resources */ = {
			isa = PBXResourcesBuildPhase;
			buildActionMask = 2147483647;
			files = (
			);
			runOnlyForDeploymentPostprocessing = 0;
		};
		9E1CCC67248B55130044E547 /* Resources */ = {
			isa = PBXResourcesBuildPhase;
			buildActionMask = 2147483647;
			files = (
			);
			runOnlyForDeploymentPostprocessing = 0;
		};
/* End PBXResourcesBuildPhase section */

/* Begin PBXShellScriptBuildPhase section */
		65807C0A5DA755650C3A1148 /* [CP] Embed Pods Frameworks */ = {
			isa = PBXShellScriptBuildPhase;
			buildActionMask = 2147483647;
			files = (
			);
			inputFileListPaths = (
				"${PODS_ROOT}/Target Support Files/Pods-CrouwdWorks_ChatApp/Pods-CrouwdWorks_ChatApp-frameworks-${CONFIGURATION}-input-files.xcfilelist",
			);
			name = "[CP] Embed Pods Frameworks";
			outputFileListPaths = (
				"${PODS_ROOT}/Target Support Files/Pods-CrouwdWorks_ChatApp/Pods-CrouwdWorks_ChatApp-frameworks-${CONFIGURATION}-output-files.xcfilelist",
			);
			runOnlyForDeploymentPostprocessing = 0;
			shellPath = /bin/sh;
			shellScript = "\"${PODS_ROOT}/Target Support Files/Pods-CrouwdWorks_ChatApp/Pods-CrouwdWorks_ChatApp-frameworks.sh\"\n";
			showEnvVarsInLog = 0;
		};
		B07319E6867A6F03603A4AE2 /* [CP] Check Pods Manifest.lock */ = {
			isa = PBXShellScriptBuildPhase;
			buildActionMask = 2147483647;
			files = (
			);
			inputFileListPaths = (
			);
			inputPaths = (
				"${PODS_PODFILE_DIR_PATH}/Podfile.lock",
				"${PODS_ROOT}/Manifest.lock",
			);
			name = "[CP] Check Pods Manifest.lock";
			outputFileListPaths = (
			);
			outputPaths = (
				"$(DERIVED_FILE_DIR)/Pods-CrouwdWorks_ChatApp-CrouwdWorks_ChatAppUITests-checkManifestLockResult.txt",
			);
			runOnlyForDeploymentPostprocessing = 0;
			shellPath = /bin/sh;
			shellScript = "diff \"${PODS_PODFILE_DIR_PATH}/Podfile.lock\" \"${PODS_ROOT}/Manifest.lock\" > /dev/null\nif [ $? != 0 ] ; then\n    # print error to STDERR\n    echo \"error: The sandbox is not in sync with the Podfile.lock. Run 'pod install' or update your CocoaPods installation.\" >&2\n    exit 1\nfi\n# This output is used by Xcode 'outputs' to avoid re-running this script phase.\necho \"SUCCESS\" > \"${SCRIPT_OUTPUT_FILE_0}\"\n";
			showEnvVarsInLog = 0;
		};
		D18F87D52A3B64AFA9F35D64 /* [CP] Check Pods Manifest.lock */ = {
			isa = PBXShellScriptBuildPhase;
			buildActionMask = 2147483647;
			files = (
			);
			inputFileListPaths = (
			);
			inputPaths = (
				"${PODS_PODFILE_DIR_PATH}/Podfile.lock",
				"${PODS_ROOT}/Manifest.lock",
			);
			name = "[CP] Check Pods Manifest.lock";
			outputFileListPaths = (
			);
			outputPaths = (
				"$(DERIVED_FILE_DIR)/Pods-CrouwdWorks_ChatApp-checkManifestLockResult.txt",
			);
			runOnlyForDeploymentPostprocessing = 0;
			shellPath = /bin/sh;
			shellScript = "diff \"${PODS_PODFILE_DIR_PATH}/Podfile.lock\" \"${PODS_ROOT}/Manifest.lock\" > /dev/null\nif [ $? != 0 ] ; then\n    # print error to STDERR\n    echo \"error: The sandbox is not in sync with the Podfile.lock. Run 'pod install' or update your CocoaPods installation.\" >&2\n    exit 1\nfi\n# This output is used by Xcode 'outputs' to avoid re-running this script phase.\necho \"SUCCESS\" > \"${SCRIPT_OUTPUT_FILE_0}\"\n";
			showEnvVarsInLog = 0;
		};
		DDC35DB6E004B202B96D0571 /* [CP] Embed Pods Frameworks */ = {
			isa = PBXShellScriptBuildPhase;
			buildActionMask = 2147483647;
			files = (
			);
			inputFileListPaths = (
				"${PODS_ROOT}/Target Support Files/Pods-CrouwdWorks_ChatApp-CrouwdWorks_ChatAppUITests/Pods-CrouwdWorks_ChatApp-CrouwdWorks_ChatAppUITests-frameworks-${CONFIGURATION}-input-files.xcfilelist",
			);
			name = "[CP] Embed Pods Frameworks";
			outputFileListPaths = (
				"${PODS_ROOT}/Target Support Files/Pods-CrouwdWorks_ChatApp-CrouwdWorks_ChatAppUITests/Pods-CrouwdWorks_ChatApp-CrouwdWorks_ChatAppUITests-frameworks-${CONFIGURATION}-output-files.xcfilelist",
			);
			runOnlyForDeploymentPostprocessing = 0;
			shellPath = /bin/sh;
			shellScript = "\"${PODS_ROOT}/Target Support Files/Pods-CrouwdWorks_ChatApp-CrouwdWorks_ChatAppUITests/Pods-CrouwdWorks_ChatApp-CrouwdWorks_ChatAppUITests-frameworks.sh\"\n";
			showEnvVarsInLog = 0;
		};
		F0535FC17A1F4E214724A442 /* [CP] Check Pods Manifest.lock */ = {
			isa = PBXShellScriptBuildPhase;
			buildActionMask = 2147483647;
			files = (
			);
			inputFileListPaths = (
			);
			inputPaths = (
				"${PODS_PODFILE_DIR_PATH}/Podfile.lock",
				"${PODS_ROOT}/Manifest.lock",
			);
			name = "[CP] Check Pods Manifest.lock";
			outputFileListPaths = (
			);
			outputPaths = (
				"$(DERIVED_FILE_DIR)/Pods-CrouwdWorks_ChatAppTests-checkManifestLockResult.txt",
			);
			runOnlyForDeploymentPostprocessing = 0;
			shellPath = /bin/sh;
			shellScript = "diff \"${PODS_PODFILE_DIR_PATH}/Podfile.lock\" \"${PODS_ROOT}/Manifest.lock\" > /dev/null\nif [ $? != 0 ] ; then\n    # print error to STDERR\n    echo \"error: The sandbox is not in sync with the Podfile.lock. Run 'pod install' or update your CocoaPods installation.\" >&2\n    exit 1\nfi\n# This output is used by Xcode 'outputs' to avoid re-running this script phase.\necho \"SUCCESS\" > \"${SCRIPT_OUTPUT_FILE_0}\"\n";
			showEnvVarsInLog = 0;
		};
/* End PBXShellScriptBuildPhase section */

/* Begin PBXSourcesBuildPhase section */
		9E1CCC44248B55120044E547 /* Sources */ = {
			isa = PBXSourcesBuildPhase;
			buildActionMask = 2147483647;
			files = (
				9E1CCC80248B5D200044E547 /* ChatListViewController.swift in Sources */,
				9E7064A424E5041D00EF3420 /* UIViewControllerExtension.swift in Sources */,
				9ED85361248B63A90072FE2D /* UIColorExtension.swift in Sources */,
				9E1CCC4C248B55120044E547 /* AppDelegate.swift in Sources */,
				9EDF182D2490EAED009FA56D /* SettingViewController.swift in Sources */,
				9ED85374248B642C0072FE2D /* ChatRoom.swift in Sources */,
				9ED8536A248B63E00072FE2D /* ChatRoomViewController.swift in Sources */,
				9ED8538F248B6CAD0072FE2D /* MadeChatroomViewController.swift in Sources */,
				9ED85372248B642C0072FE2D /* Message.swift in Sources */,
				9E1B429624E5514100DEA9C9 /* UIViewExtension.swift in Sources */,
				9E1CCC4E248B55120044E547 /* SceneDelegate.swift in Sources */,
				9ED85385248B644B0072FE2D /* ChatInputAccesaryView.swift in Sources */,
				9ED85384248B644B0072FE2D /* ChatRoomTableViewCell.swift in Sources */,
			);
			runOnlyForDeploymentPostprocessing = 0;
		};
		9E1CCC5A248B55130044E547 /* Sources */ = {
			isa = PBXSourcesBuildPhase;
			buildActionMask = 2147483647;
			files = (
				9E1CCC63248B55130044E547 /* CrouwdWorks_ChatAppTests.swift in Sources */,
			);
			runOnlyForDeploymentPostprocessing = 0;
		};
		9E1CCC65248B55130044E547 /* Sources */ = {
			isa = PBXSourcesBuildPhase;
			buildActionMask = 2147483647;
			files = (
				9E1CCC6E248B55130044E547 /* CrouwdWorks_ChatAppUITests.swift in Sources */,
			);
			runOnlyForDeploymentPostprocessing = 0;
		};
/* End PBXSourcesBuildPhase section */

/* Begin PBXTargetDependency section */
		9E1CCC60248B55130044E547 /* PBXTargetDependency */ = {
			isa = PBXTargetDependency;
			target = 9E1CCC47248B55120044E547 /* CrouwdWorks_ChatApp */;
			targetProxy = 9E1CCC5F248B55130044E547 /* PBXContainerItemProxy */;
		};
		9E1CCC6B248B55130044E547 /* PBXTargetDependency */ = {
			isa = PBXTargetDependency;
			target = 9E1CCC47248B55120044E547 /* CrouwdWorks_ChatApp */;
			targetProxy = 9E1CCC6A248B55130044E547 /* PBXContainerItemProxy */;
		};
/* End PBXTargetDependency section */

/* Begin PBXVariantGroup section */
		9E1CCC56248B55130044E547 /* LaunchScreen.storyboard */ = {
			isa = PBXVariantGroup;
			children = (
				9E1CCC57248B55130044E547 /* Base */,
			);
			name = LaunchScreen.storyboard;
			sourceTree = "<group>";
		};
/* End PBXVariantGroup section */

/* Begin XCBuildConfiguration section */
		9E1CCC70248B55130044E547 /* Debug */ = {
			isa = XCBuildConfiguration;
			buildSettings = {
				ALWAYS_SEARCH_USER_PATHS = NO;
				CLANG_ANALYZER_NONNULL = YES;
				CLANG_ANALYZER_NUMBER_OBJECT_CONVERSION = YES_AGGRESSIVE;
				CLANG_CXX_LANGUAGE_STANDARD = "gnu++14";
				CLANG_CXX_LIBRARY = "libc++";
				CLANG_ENABLE_MODULES = YES;
				CLANG_ENABLE_OBJC_ARC = YES;
				CLANG_ENABLE_OBJC_WEAK = YES;
				CLANG_WARN_BLOCK_CAPTURE_AUTORELEASING = YES;
				CLANG_WARN_BOOL_CONVERSION = YES;
				CLANG_WARN_COMMA = YES;
				CLANG_WARN_CONSTANT_CONVERSION = YES;
				CLANG_WARN_DEPRECATED_OBJC_IMPLEMENTATIONS = YES;
				CLANG_WARN_DIRECT_OBJC_ISA_USAGE = YES_ERROR;
				CLANG_WARN_DOCUMENTATION_COMMENTS = YES;
				CLANG_WARN_EMPTY_BODY = YES;
				CLANG_WARN_ENUM_CONVERSION = YES;
				CLANG_WARN_INFINITE_RECURSION = YES;
				CLANG_WARN_INT_CONVERSION = YES;
				CLANG_WARN_NON_LITERAL_NULL_CONVERSION = YES;
				CLANG_WARN_OBJC_IMPLICIT_RETAIN_SELF = YES;
				CLANG_WARN_OBJC_LITERAL_CONVERSION = YES;
				CLANG_WARN_OBJC_ROOT_CLASS = YES_ERROR;
				CLANG_WARN_RANGE_LOOP_ANALYSIS = YES;
				CLANG_WARN_STRICT_PROTOTYPES = YES;
				CLANG_WARN_SUSPICIOUS_MOVE = YES;
				CLANG_WARN_UNGUARDED_AVAILABILITY = YES_AGGRESSIVE;
				CLANG_WARN_UNREACHABLE_CODE = YES;
				CLANG_WARN__DUPLICATE_METHOD_MATCH = YES;
				COPY_PHASE_STRIP = NO;
				DEBUG_INFORMATION_FORMAT = dwarf;
				ENABLE_STRICT_OBJC_MSGSEND = YES;
				ENABLE_TESTABILITY = YES;
				GCC_C_LANGUAGE_STANDARD = gnu11;
				GCC_DYNAMIC_NO_PIC = NO;
				GCC_NO_COMMON_BLOCKS = YES;
				GCC_OPTIMIZATION_LEVEL = 0;
				GCC_PREPROCESSOR_DEFINITIONS = (
					"DEBUG=1",
					"$(inherited)",
				);
				GCC_WARN_64_TO_32_BIT_CONVERSION = YES;
				GCC_WARN_ABOUT_RETURN_TYPE = YES_ERROR;
				GCC_WARN_UNDECLARED_SELECTOR = YES;
				GCC_WARN_UNINITIALIZED_AUTOS = YES_AGGRESSIVE;
				GCC_WARN_UNUSED_FUNCTION = YES;
				GCC_WARN_UNUSED_VARIABLE = YES;
				IPHONEOS_DEPLOYMENT_TARGET = 13.2;
				MTL_ENABLE_DEBUG_INFO = INCLUDE_SOURCE;
				MTL_FAST_MATH = YES;
				ONLY_ACTIVE_ARCH = YES;
				SDKROOT = iphoneos;
				SWIFT_ACTIVE_COMPILATION_CONDITIONS = DEBUG;
				SWIFT_OPTIMIZATION_LEVEL = "-Onone";
			};
			name = Debug;
		};
		9E1CCC71248B55130044E547 /* Release */ = {
			isa = XCBuildConfiguration;
			buildSettings = {
				ALWAYS_SEARCH_USER_PATHS = NO;
				CLANG_ANALYZER_NONNULL = YES;
				CLANG_ANALYZER_NUMBER_OBJECT_CONVERSION = YES_AGGRESSIVE;
				CLANG_CXX_LANGUAGE_STANDARD = "gnu++14";
				CLANG_CXX_LIBRARY = "libc++";
				CLANG_ENABLE_MODULES = YES;
				CLANG_ENABLE_OBJC_ARC = YES;
				CLANG_ENABLE_OBJC_WEAK = YES;
				CLANG_WARN_BLOCK_CAPTURE_AUTORELEASING = YES;
				CLANG_WARN_BOOL_CONVERSION = YES;
				CLANG_WARN_COMMA = YES;
				CLANG_WARN_CONSTANT_CONVERSION = YES;
				CLANG_WARN_DEPRECATED_OBJC_IMPLEMENTATIONS = YES;
				CLANG_WARN_DIRECT_OBJC_ISA_USAGE = YES_ERROR;
				CLANG_WARN_DOCUMENTATION_COMMENTS = YES;
				CLANG_WARN_EMPTY_BODY = YES;
				CLANG_WARN_ENUM_CONVERSION = YES;
				CLANG_WARN_INFINITE_RECURSION = YES;
				CLANG_WARN_INT_CONVERSION = YES;
				CLANG_WARN_NON_LITERAL_NULL_CONVERSION = YES;
				CLANG_WARN_OBJC_IMPLICIT_RETAIN_SELF = YES;
				CLANG_WARN_OBJC_LITERAL_CONVERSION = YES;
				CLANG_WARN_OBJC_ROOT_CLASS = YES_ERROR;
				CLANG_WARN_RANGE_LOOP_ANALYSIS = YES;
				CLANG_WARN_STRICT_PROTOTYPES = YES;
				CLANG_WARN_SUSPICIOUS_MOVE = YES;
				CLANG_WARN_UNGUARDED_AVAILABILITY = YES_AGGRESSIVE;
				CLANG_WARN_UNREACHABLE_CODE = YES;
				CLANG_WARN__DUPLICATE_METHOD_MATCH = YES;
				COPY_PHASE_STRIP = NO;
				DEBUG_INFORMATION_FORMAT = "dwarf-with-dsym";
				ENABLE_NS_ASSERTIONS = NO;
				ENABLE_STRICT_OBJC_MSGSEND = YES;
				GCC_C_LANGUAGE_STANDARD = gnu11;
				GCC_NO_COMMON_BLOCKS = YES;
				GCC_WARN_64_TO_32_BIT_CONVERSION = YES;
				GCC_WARN_ABOUT_RETURN_TYPE = YES_ERROR;
				GCC_WARN_UNDECLARED_SELECTOR = YES;
				GCC_WARN_UNINITIALIZED_AUTOS = YES_AGGRESSIVE;
				GCC_WARN_UNUSED_FUNCTION = YES;
				GCC_WARN_UNUSED_VARIABLE = YES;
				IPHONEOS_DEPLOYMENT_TARGET = 13.2;
				MTL_ENABLE_DEBUG_INFO = NO;
				MTL_FAST_MATH = YES;
				SDKROOT = iphoneos;
				SWIFT_COMPILATION_MODE = wholemodule;
				SWIFT_OPTIMIZATION_LEVEL = "-O";
				VALIDATE_PRODUCT = YES;
			};
			name = Release;
		};
		9E1CCC73248B55130044E547 /* Debug */ = {
			isa = XCBuildConfiguration;
			baseConfigurationReference = 38C5EFF0BDA62FFFDB3D783D /* Pods-CrouwdWorks_ChatApp.debug.xcconfig */;
			buildSettings = {
				ASSETCATALOG_COMPILER_APPICON_NAME = AppIcon;
				CODE_SIGN_STYLE = Automatic;
				DEVELOPMENT_TEAM = T523PHK3SV;
				INFOPLIST_FILE = CrouwdWorks_ChatApp/Info.plist;
				LD_RUNPATH_SEARCH_PATHS = (
					"$(inherited)",
					"@executable_path/Frameworks",
				);
				PRODUCT_BUNDLE_IDENTIFIER = "mayumi.yamanishi.CrouwdWorks-ChatApp";
				PRODUCT_NAME = "$(TARGET_NAME)";
				SWIFT_VERSION = 5.0;
				TARGETED_DEVICE_FAMILY = "1,2";
			};
			name = Debug;
		};
		9E1CCC74248B55130044E547 /* Release */ = {
			isa = XCBuildConfiguration;
			baseConfigurationReference = 4BBB356A11C7B26C95624B07 /* Pods-CrouwdWorks_ChatApp.release.xcconfig */;
			buildSettings = {
				ASSETCATALOG_COMPILER_APPICON_NAME = AppIcon;
				CODE_SIGN_STYLE = Automatic;
				DEVELOPMENT_TEAM = T523PHK3SV;
				INFOPLIST_FILE = CrouwdWorks_ChatApp/Info.plist;
				LD_RUNPATH_SEARCH_PATHS = (
					"$(inherited)",
					"@executable_path/Frameworks",
				);
				PRODUCT_BUNDLE_IDENTIFIER = "mayumi.yamanishi.CrouwdWorks-ChatApp";
				PRODUCT_NAME = "$(TARGET_NAME)";
				SWIFT_VERSION = 5.0;
				TARGETED_DEVICE_FAMILY = "1,2";
			};
			name = Release;
		};
		9E1CCC76248B55130044E547 /* Debug */ = {
			isa = XCBuildConfiguration;
			baseConfigurationReference = 2B314897769E8B7A10E2661A /* Pods-CrouwdWorks_ChatAppTests.debug.xcconfig */;
			buildSettings = {
				ALWAYS_EMBED_SWIFT_STANDARD_LIBRARIES = YES;
				BUNDLE_LOADER = "$(TEST_HOST)";
				CODE_SIGN_STYLE = Automatic;
				DEVELOPMENT_TEAM = T523PHK3SV;
				INFOPLIST_FILE = CrouwdWorks_ChatAppTests/Info.plist;
				IPHONEOS_DEPLOYMENT_TARGET = 13.2;
				LD_RUNPATH_SEARCH_PATHS = (
					"$(inherited)",
					"@executable_path/Frameworks",
					"@loader_path/Frameworks",
				);
				PRODUCT_BUNDLE_IDENTIFIER = "mayumi.yamanishi.CrouwdWorks-ChatAppTests";
				PRODUCT_NAME = "$(TARGET_NAME)";
				SWIFT_VERSION = 5.0;
				TARGETED_DEVICE_FAMILY = "1,2";
				TEST_HOST = "$(BUILT_PRODUCTS_DIR)/CrouwdWorks_ChatApp.app/CrouwdWorks_ChatApp";
			};
			name = Debug;
		};
		9E1CCC77248B55130044E547 /* Release */ = {
			isa = XCBuildConfiguration;
			baseConfigurationReference = B909C21DA4CD126965818C39 /* Pods-CrouwdWorks_ChatAppTests.release.xcconfig */;
			buildSettings = {
				ALWAYS_EMBED_SWIFT_STANDARD_LIBRARIES = YES;
				BUNDLE_LOADER = "$(TEST_HOST)";
				CODE_SIGN_STYLE = Automatic;
				DEVELOPMENT_TEAM = T523PHK3SV;
				INFOPLIST_FILE = CrouwdWorks_ChatAppTests/Info.plist;
				IPHONEOS_DEPLOYMENT_TARGET = 13.2;
				LD_RUNPATH_SEARCH_PATHS = (
					"$(inherited)",
					"@executable_path/Frameworks",
					"@loader_path/Frameworks",
				);
				PRODUCT_BUNDLE_IDENTIFIER = "mayumi.yamanishi.CrouwdWorks-ChatAppTests";
				PRODUCT_NAME = "$(TARGET_NAME)";
				SWIFT_VERSION = 5.0;
				TARGETED_DEVICE_FAMILY = "1,2";
				TEST_HOST = "$(BUILT_PRODUCTS_DIR)/CrouwdWorks_ChatApp.app/CrouwdWorks_ChatApp";
			};
			name = Release;
		};
		9E1CCC79248B55130044E547 /* Debug */ = {
			isa = XCBuildConfiguration;
			baseConfigurationReference = 99C28F2666C5F8EF0785F677 /* Pods-CrouwdWorks_ChatApp-CrouwdWorks_ChatAppUITests.debug.xcconfig */;
			buildSettings = {
				ALWAYS_EMBED_SWIFT_STANDARD_LIBRARIES = YES;
				CODE_SIGN_STYLE = Automatic;
				DEVELOPMENT_TEAM = T523PHK3SV;
				INFOPLIST_FILE = CrouwdWorks_ChatAppUITests/Info.plist;
				LD_RUNPATH_SEARCH_PATHS = (
					"$(inherited)",
					"@executable_path/Frameworks",
					"@loader_path/Frameworks",
				);
				PRODUCT_BUNDLE_IDENTIFIER = "mayumi.yamanishi.CrouwdWorks-ChatAppUITests";
				PRODUCT_NAME = "$(TARGET_NAME)";
				SWIFT_VERSION = 5.0;
				TARGETED_DEVICE_FAMILY = "1,2";
				TEST_TARGET_NAME = CrouwdWorks_ChatApp;
			};
			name = Debug;
		};
		9E1CCC7A248B55130044E547 /* Release */ = {
			isa = XCBuildConfiguration;
			baseConfigurationReference = D945CEBA10E91E19A863CC74 /* Pods-CrouwdWorks_ChatApp-CrouwdWorks_ChatAppUITests.release.xcconfig */;
			buildSettings = {
				ALWAYS_EMBED_SWIFT_STANDARD_LIBRARIES = YES;
				CODE_SIGN_STYLE = Automatic;
				DEVELOPMENT_TEAM = T523PHK3SV;
				INFOPLIST_FILE = CrouwdWorks_ChatAppUITests/Info.plist;
				LD_RUNPATH_SEARCH_PATHS = (
					"$(inherited)",
					"@executable_path/Frameworks",
					"@loader_path/Frameworks",
				);
				PRODUCT_BUNDLE_IDENTIFIER = "mayumi.yamanishi.CrouwdWorks-ChatAppUITests";
				PRODUCT_NAME = "$(TARGET_NAME)";
				SWIFT_VERSION = 5.0;
				TARGETED_DEVICE_FAMILY = "1,2";
				TEST_TARGET_NAME = CrouwdWorks_ChatApp;
			};
			name = Release;
		};
/* End XCBuildConfiguration section */

/* Begin XCConfigurationList section */
		9E1CCC43248B55120044E547 /* Build configuration list for PBXProject "CrouwdWorks_ChatApp" */ = {
			isa = XCConfigurationList;
			buildConfigurations = (
				9E1CCC70248B55130044E547 /* Debug */,
				9E1CCC71248B55130044E547 /* Release */,
			);
			defaultConfigurationIsVisible = 0;
			defaultConfigurationName = Release;
		};
		9E1CCC72248B55130044E547 /* Build configuration list for PBXNativeTarget "CrouwdWorks_ChatApp" */ = {
			isa = XCConfigurationList;
			buildConfigurations = (
				9E1CCC73248B55130044E547 /* Debug */,
				9E1CCC74248B55130044E547 /* Release */,
			);
			defaultConfigurationIsVisible = 0;
			defaultConfigurationName = Release;
		};
		9E1CCC75248B55130044E547 /* Build configuration list for PBXNativeTarget "CrouwdWorks_ChatAppTests" */ = {
			isa = XCConfigurationList;
			buildConfigurations = (
				9E1CCC76248B55130044E547 /* Debug */,
				9E1CCC77248B55130044E547 /* Release */,
			);
			defaultConfigurationIsVisible = 0;
			defaultConfigurationName = Release;
		};
		9E1CCC78248B55130044E547 /* Build configuration list for PBXNativeTarget "CrouwdWorks_ChatAppUITests" */ = {
			isa = XCConfigurationList;
			buildConfigurations = (
				9E1CCC79248B55130044E547 /* Debug */,
				9E1CCC7A248B55130044E547 /* Release */,
			);
			defaultConfigurationIsVisible = 0;
			defaultConfigurationName = Release;
		};
/* End XCConfigurationList section */
	};
	rootObject = 9E1CCC40248B55120044E547 /* Project object */;
}
